
Microsoft Visual Studio Solution File, Format Version 12.00
# Visual Studio Version 16
VisualStudioVersion = 16.0.30804.86
MinimumVisualStudioVersion = 10.0.40219.1
Project("{FAE04EC0-301F-11D3-BF4B-00C04F79EFBC}") = "Server", "Server\Server.csproj", "{A0D11619-5824-4018-AF5A-622C784404D8}"
EndProject
Project("{FAE04EC0-301F-11D3-BF4B-00C04F79EFBC}") = "Client", "Client\Client.csproj", "{F92A5BF1-F65E-4A9E-8C85-045240F7E4C6}"
EndProject
Global
	GlobalSection(SolutionConfigurationPlatforms) = preSolution
		Debug|Any CPU = Debug|Any CPU
		Release|Any CPU = Release|Any CPU
	EndGlobalSection
	GlobalSection(ProjectConfigurationPlatforms) = postSolution
		{A0D11619-5824-4018-AF5A-622C784404D8}.Debug|Any CPU.ActiveCfg = Debug|Any CPU
		{A0D11619-5824-4018-AF5A-622C784404D8}.Debug|Any CPU.Build.0 = Debug|Any CPU
		{A0D11619-5824-4018-AF5A-622C784404D8}.Release|Any CPU.ActiveCfg = Release|Any CPU
		{A0D11619-5824-4018-AF5A-622C784404D8}.Release|Any CPU.Build.0 = Release|Any CPU
		{F92A5BF1-F65E-4A9E-8C85-045240F7E4C6}.Debug|Any CPU.ActiveCfg = Debug|Any CPU
		{F92A5BF1-F65E-4A9E-8C85-045240F7E4C6}.Debug|Any CPU.Build.0 = Debug|Any CPU
		{F92A5BF1-F65E-4A9E-8C85-045240F7E4C6}.Release|Any CPU.ActiveCfg = Release|Any CPU
		{F92A5BF1-F65E-4A9E-8C85-045240F7E4C6}.Release|Any CPU.Build.0 = Release|Any CPU
	EndGlobalSection
	GlobalSection(SolutionProperties) = preSolution
		HideSolutionNode = FALSE
	EndGlobalSection
	GlobalSection(ExtensibilityGlobals) = postSolution
		SolutionGuid = {0CD988BB-5855-42AA-8D64-9B21BFF8B1A4}
	EndGlobalSection
EndGlobal
